github.com/cafecito-games/gdparser v0.0.0-20261001175654-120272492717 h1:PoCrIdYhFoBaKqwbvJVXnOYFh5MHm4+Cc3EzCqcOt/Q=
github.com/cafecito-games/gdparser v0.0.0-20261001175654-120272492717/go.mod h1:ekj7tvE0utDBNw+DJyE58HVla7zLuWzGERgTLBC0dFI=
github.com/cafecito-games/gdparser v0.1.2 h1:RGxAPz6k2PiFMsngs8Ax0tP0FknqB9D7wheaAlFpU/g=
github.com/cafecito-games/gdparser v0.1.2/go.mod h1:ekj7tvE0utDBNw+DJyE58HVla7zLuWzGERgTLBC0dFI=
